
Microsoft Visual Studio Solution File, Format Version 12.00
# Visual Studio 2012
Project("{FAE04EC0-301F-11D3-BF4B-00C04F79EFBC}") = "RockPaperScissors", "RockPaperScissors\RockPaperScissors.csproj", "{4EE85D02-DFAF-42D6-89E8-C9A3049821D8}"
EndProject
Project("{FAE04EC0-301F-11D3-BF4B-00C04F79EFBC}") = "RockPaperScissors.Test", "RockPaperScissors.Test\RockPaperScissors.Test.csproj", "{A14F0E62-C779-48FD-8EE5-269F53CDFD40}"
EndProject
Global
	GlobalSection(SolutionConfigurationPlatforms) = preSolution
		Debug|Any CPU = Debug|Any CPU
		Release|Any CPU = Release|Any CPU
	EndGlobalSection
	GlobalSection(ProjectConfigurationPlatforms) = postSolution
		{4EE85D02-DFAF-42D6-89E8-C9A3049821D8}.Debug|Any CPU.ActiveCfg = Debug|Any CPU
		{4EE85D02-DFAF-42D6-89E8-C9A3049821D8}.Debug|Any CPU.Build.0 = Debug|Any CPU
		{4EE85D02-DFAF-42D6-89E8-C9A3049821D8}.Release|Any CPU.ActiveCfg = Release|Any CPU
		{4EE85D02-DFAF-42D6-89E8-C9A3049821D8}.Release|Any CPU.Build.0 = Release|Any CPU
		{A14F0E62-C779-48FD-8EE5-269F53CDFD40}.Debug|Any CPU.ActiveCfg = Debug|Any CPU
		{A14F0E62-C779-48FD-8EE5-269F53CDFD40}.Debug|Any CPU.Build.0 = Debug|Any CPU
		{A14F0E62-C779-48FD-8EE5-269F53CDFD40}.Release|Any CPU.ActiveCfg = Release|Any CPU
		{A14F0E62-C779-48FD-8EE5-269F53CDFD40}.Release|Any CPU.Build.0 = Release|Any CPU
	EndGlobalSection
	GlobalSection(SolutionProperties) = preSolution
		HideSolutionNode = FALSE
	EndGlobalSection
EndGlobal
